
Microsoft Visual Studio Solution File, Format Version 12.00
# Visual Studio Version 17
VisualStudioVersion = 17.8.34219.65
MinimumVisualStudioVersion = 10.0.40219.1
Project("{2150E333-8FDC-42A3-9474-1A3956D46DE8}") = "Modal", "Modal", "{4DD97C11-6E75-4CA3-9259-2C4C1B1E5D8E}"
EndProject
Project("{FAE04EC0-301F-11D3-BF4B-00C04F79EFBC}") = "BasicExample", "Modal\BasicExample\BasicExample.csproj", "{60B1B493-26A6-455D-B1FE-507ED43BB298}"
EndProject
Global
	GlobalSection(SolutionConfigurationPlatforms) = preSolution
		Debug|Any CPU = Debug|Any CPU
		Release|Any CPU = Release|Any CPU
	EndGlobalSection
	GlobalSection(ProjectConfigurationPlatforms) = postSolution
		{60B1B493-26A6-455D-B1FE-507ED43BB298}.Debug|Any CPU.ActiveCfg = Debug|Any CPU
		{60B1B493-26A6-455D-B1FE-507ED43BB298}.Debug|Any CPU.Build.0 = Debug|Any CPU
		{60B1B493-26A6-455D-B1FE-507ED43BB298}.Release|Any CPU.ActiveCfg = Release|Any CPU
		{60B1B493-26A6-455D-B1FE-507ED43BB298}.Release|Any CPU.Build.0 = Release|Any CPU
	EndGlobalSection
	GlobalSection(SolutionProperties) = preSolution
		HideSolutionNode = FALSE
	EndGlobalSection
	GlobalSection(NestedProjects) = preSolution
		{60B1B493-26A6-455D-B1FE-507ED43BB298} = {4DD97C11-6E75-4CA3-9259-2C4C1B1E5D8E}
	EndGlobalSection
	GlobalSection(ExtensibilityGlobals) = postSolution
		SolutionGuid = {E14A466F-761B-4CB1-89D2-2CE310BFC2B4}
	EndGlobalSection
EndGlobal
